
Microsoft Visual Studio Solution File, Format Version 12.00
# Visual Studio Version 16
VisualStudioVersion = 16.0.28922.388
MinimumVisualStudioVersion = 10.0.40219.1
Project("{9A19103F-16F7-4668-BE54-9A1E7A4F7556}") = "DekkersAuto.Web", "DekkersAuto.Web\DekkersAuto.Web.csproj", "{98AB78B9-1AE3-4E26-8BAA-1FD6A231F27C}"
EndProject
Project("{9A19103F-16F7-4668-BE54-9A1E7A4F7556}") = "DekkersAuto.Services", "DekkersAuto.Services\DekkersAuto.Services.csproj", "{209FA696-2ECE-4797-AF0B-F414AF6A6CEA}"
EndProject
Project("{9A19103F-16F7-4668-BE54-9A1E7A4F7556}") = "DekkersAuto.Dependencies", "DekkersAuto.Dependencies\DekkersAuto.Dependencies.csproj", "{4E81A39D-F19B-4197-AD37-F541E7A123C7}"
EndProject
Project("{9A19103F-16F7-4668-BE54-9A1E7A4F7556}") = "DekkersAuto.Database", "DekkersAuto.Database\DekkersAuto.Database.csproj", "{9C945FDB-A121-4942-AC1A-145E5A878D86}"
EndProject
Global
	GlobalSection(SolutionConfigurationPlatforms) = preSolution
		Debug|Any CPU = Debug|Any CPU
		Release|Any CPU = Release|Any CPU
	EndGlobalSection
	GlobalSection(ProjectConfigurationPlatforms) = postSolution
		{98AB78B9-1AE3-4E26-8BAA-1FD6A231F27C}.Debug|Any CPU.ActiveCfg = Debug|Any CPU
		{98AB78B9-1AE3-4E26-8BAA-1FD6A231F27C}.Debug|Any CPU.Build.0 = Debug|Any CPU
		{98AB78B9-1AE3-4E26-8BAA-1FD6A231F27C}.Release|Any CPU.ActiveCfg = Release|Any CPU
		{98AB78B9-1AE3-4E26-8BAA-1FD6A231F27C}.Release|Any CPU.Build.0 = Release|Any CPU
		{209FA696-2ECE-4797-AF0B-F414AF6A6CEA}.Debug|Any CPU.ActiveCfg = Debug|Any CPU
		{209FA696-2ECE-4797-AF0B-F414AF6A6CEA}.Debug|Any CPU.Build.0 = Debug|Any CPU
		{209FA696-2ECE-4797-AF0B-F414AF6A6CEA}.Release|Any CPU.ActiveCfg = Release|Any CPU
		{209FA696-2ECE-4797-AF0B-F414AF6A6CEA}.Release|Any CPU.Build.0 = Release|Any CPU
		{4E81A39D-F19B-4197-AD37-F541E7A123C7}.Debug|Any CPU.ActiveCfg = Debug|Any CPU
		{4E81A39D-F19B-4197-AD37-F541E7A123C7}.Debug|Any CPU.Build.0 = Debug|Any CPU
		{4E81A39D-F19B-4197-AD37-F541E7A123C7}.Release|Any CPU.ActiveCfg = Release|Any CPU
		{4E81A39D-F19B-4197-AD37-F541E7A123C7}.Release|Any CPU.Build.0 = Release|Any CPU
		{9C945FDB-A121-4942-AC1A-145E5A878D86}.Debug|Any CPU.ActiveCfg = Debug|Any CPU
		{9C945FDB-A121-4942-AC1A-145E5A878D86}.Debug|Any CPU.Build.0 = Debug|Any CPU
		{9C945FDB-A121-4942-AC1A-145E5A878D86}.Release|Any CPU.ActiveCfg = Release|Any CPU
		{9C945FDB-A121-4942-AC1A-145E5A878D86}.Release|Any CPU.Build.0 = Release|Any CPU
	EndGlobalSection
	GlobalSection(SolutionProperties) = preSolution
		HideSolutionNode = FALSE
	EndGlobalSection
	GlobalSection(ExtensibilityGlobals) = postSolution
		SolutionGuid = {1CD2D910-D47F-47E6-A5DE-59E918481AF2}
	EndGlobalSection
EndGlobal
